// !$*UTF8*$!
{
	archiveVersion = 1;
	classes = {
	};
	objectVersion = 50;
	objects = {

/* Begin PBXBuildFile section */
		17582F34E56B6A7717DA2611 /* libPods-Algorithms.a in Frameworks */ = {isa = PBXBuildFile; fileRef = 9E2162D3F537A244F00054AD /* libPods-Algorithms.a */; };
		DE9512AA23A75BA500E39D79 /* AppDelegate.m in Sources */ = {isa = PBXBuildFile; fileRef = DE9512A923A75BA500E39D79 /* AppDelegate.m */; };
		DE9512AD23A75BA500E39D79 /* SceneDelegate.m in Sources */ = {isa = PBXBuildFile; fileRef = DE9512AC23A75BA500E39D79 /* SceneDelegate.m */; };
		DE9512B023A75BA500E39D79 /* ViewController.m in Sources */ = {isa = PBXBuildFile; fileRef = DE9512AF23A75BA500E39D79 /* ViewController.m */; };
		DE9512B323A75BA500E39D79 /* Main.storyboard in Resources */ = {isa = PBXBuildFile; fileRef = DE9512B123A75BA500E39D79 /* Main.storyboard */; };
		DE9512B523A75BA600E39D79 /* Assets.xcassets in Resources */ = {isa = PBXBuildFile; fileRef = DE9512B423A75BA600E39D79 /* Assets.xcassets */; };
		DE9512B823A75BA600E39D79 /* LaunchScreen.storyboard in Resources */ = {isa = PBXBuildFile; fileRef = DE9512B623A75BA600E39D79 /* LaunchScreen.storyboard */; };
		DE9512BB23A75BA600E39D79 /* main.m in Sources */ = {isa = PBXBuildFile; fileRef = DE9512BA23A75BA600E39D79 /* main.m */; };
/* End PBXBuildFile section */

/* Begin PBXFileReference section */
		3088135B7291995D86C8A4CA /* Pods-Algorithms.debug.xcconfig */ = {isa = PBXFileReference; includeInIndex = 1; lastKnownFileType = text.xcconfig; name = "Pods-Algorithms.debug.xcconfig"; path = "Target Support Files/Pods-Algorithms/Pods-Algorithms.debug.xcconfig"; sourceTree = "<group>"; };
		32A7930A277ED46F66D23E32 /* Pods-Algorithms.release.xcconfig */ = {isa = PBXFileReference; includeInIndex = 1; lastKnownFileType = text.xcconfig; name = "Pods-Algorithms.release.xcconfig"; path = "Target Support Files/Pods-Algorithms/Pods-Algorithms.release.xcconfig"; sourceTree = "<group>"; };
		9E2162D3F537A244F00054AD /* libPods-Algorithms.a */ = {isa = PBXFileReference; explicitFileType = archive.ar; includeInIndex = 0; path = "libPods-Algorithms.a"; sourceTree = BUILT_PRODUCTS_DIR; };
		DE9512A523A75BA500E39D79 /* Algorithms.app */ = {isa = PBXFileReference; explicitFileType = wrapper.application; includeInIndex = 0; path = Algorithms.app; sourceTree = BUILT_PRODUCTS_DIR; };
		DE9512A823A75BA500E39D79 /* AppDelegate.h */ = {isa = PBXFileReference; lastKnownFileType = sourcecode.c.h; path = AppDelegate.h; sourceTree = "<group>"; };
		DE9512A923A75BA500E39D79 /* AppDelegate.m */ = {isa = PBXFileReference; lastKnownFileType = sourcecode.c.objc; path = AppDelegate.m; sourceTree = "<group>"; };
		DE9512AB23A75BA500E39D79 /* SceneDelegate.h */ = {isa = PBXFileReference; lastKnownFileType = sourcecode.c.h; path = SceneDelegate.h; sourceTree = "<group>"; };
		DE9512AC23A75BA500E39D79 /* SceneDelegate.m */ = {isa = PBXFileReference; lastKnownFileType = sourcecode.c.objc; path = SceneDelegate.m; sourceTree = "<group>"; };
		DE9512AE23A75BA500E39D79 /* ViewController.h */ = {isa = PBXFileReference; lastKnownFileType = sourcecode.c.h; path = ViewController.h; sourceTree = "<group>"; };
		DE9512AF23A75BA500E39D79 /* ViewController.m */ = {isa = PBXFileReference; lastKnownFileType = sourcecode.c.objc; path = ViewController.m; sourceTree = "<group>"; };
		DE9512B223A75BA500E39D79 /* Base */ = {isa = PBXFileReference; lastKnownFileType = file.storyboard; name = Base; path = Base.lproj/Main.storyboard; sourceTree = "<group>"; };
		DE9512B423A75BA600E39D79 /* Assets.xcassets */ = {isa = PBXFileReference; lastKnownFileType = folder.assetcatalog; path = Assets.xcassets; sourceTree = "<group>"; };
		DE9512B723A75BA600E39D79 /* Base */ = {isa = PBXFileReference; lastKnownFileType = file.storyboard; name = Base; path = Base.lproj/LaunchScreen.storyboard; sourceTree = "<group>"; };
		DE9512B923A75BA600E39D79 /* Info.plist */ = {isa = PBXFileReference; lastKnownFileType = text.plist.xml; path = Info.plist; sourceTree = "<group>"; };
		DE9512BA23A75BA600E39D79 /* main.m */ = {isa = PBXFileReference; lastKnownFileType = sourcecode.c.objc; path = main.m; sourceTree = "<group>"; };
/* End PBXFileReference section */

/* Begin PBXFrameworksBuildPhase section */
		DE9512A223A75BA500E39D79 /* Frameworks */ = {
			isa = PBXFrameworksBuildPhase;
			buildActionMask = 2147483647;
			files = (
				17582F34E56B6A7717DA2611 /* libPods-Algorithms.a in Frameworks */,
			);
			runOnlyForDeploymentPostprocessing = 0;
		};
/* End PBXFrameworksBuildPhase section */

/* Begin PBXGroup section */
		56C7260B3708B6897C3F9703 /* Pods */ = {
			isa = PBXGroup;
			children = (
				3088135B7291995D86C8A4CA /* Pods-Algorithms.debug.xcconfig */,
				32A7930A277ED46F66D23E32 /* Pods-Algorithms.release.xcconfig */,
			);
			name = Pods;
			path = Pods;
			sourceTree = "<group>";
		};
		C29FC91E1B11EBAC680B196E /* Frameworks */ = {
			isa = PBXGroup;
			children = (
				9E2162D3F537A244F00054AD /* libPods-Algorithms.a */,
			);
			name = Frameworks;
			sourceTree = "<group>";
		};
		DE95129C23A75BA500E39D79 = {
			isa = PBXGroup;
			children = (
				DE9512A723A75BA500E39D79 /* Algorithms */,
				DE9512A623A75BA500E39D79 /* Products */,
				56C7260B3708B6897C3F9703 /* Pods */,
				C29FC91E1B11EBAC680B196E /* Frameworks */,
			);
			sourceTree = "<group>";
		};
		DE9512A623A75BA500E39D79 /* Products */ = {
			isa = PBXGroup;
			children = (
				DE9512A523A75BA500E39D79 /* Algorithms.app */,
			);
			name = Products;
			sourceTree = "<group>";
		};
		DE9512A723A75BA500E39D79 /* Algorithms */ = {
			isa = PBXGroup;
			children = (
				DE9512A823A75BA500E39D79 /* AppDelegate.h */,
				DE9512A923A75BA500E39D79 /* AppDelegate.m */,
				DE9512AB23A75BA500E39D79 /* SceneDelegate.h */,
				DE9512AC23A75BA500E39D79 /* SceneDelegate.m */,
				DE9512AE23A75BA500E39D79 /* ViewController.h */,
				DE9512AF23A75BA500E39D79 /* ViewController.m */,
				DE9512B123A75BA500E39D79 /* Main.storyboard */,
				DE9512B423A75BA600E39D79 /* Assets.xcassets */,
				DE9512B623A75BA600E39D79 /* LaunchScreen.storyboard */,
				DE9512B923A75BA600E39D79 /* Info.plist */,
				DE9512BA23A75BA600E39D79 /* main.m */,
			);
			path = Algorithms;
			sourceTree = "<group>";
		};
/* End PBXGroup section */

/* Begin PBXNativeTarget section */
		DE9512A423A75BA500E39D79 /* Algorithms */ = {
			isa = PBXNativeTarget;
			buildConfigurationList = DE9512BE23A75BA600E39D79 /* Build configuration list for PBXNativeTarget "Algorithms" */;
			buildPhases = (
				D955E5F1E126BFD3655DAA4F /* [CP] Check Pods Manifest.lock */,
				DE9512A123A75BA500E39D79 /* Sources */,
				DE9512A223A75BA500E39D79 /* Frameworks */,
				DE9512A323A75BA500E39D79 /* Resources */,
			);
			buildRules = (
			);
			dependencies = (
			);
			name = Algorithms;
			productName = Algorithms;
			productReference = DE9512A523A75BA500E39D79 /* Algorithms.app */;
			productType = "com.apple.product-type.application";
		};
/* End PBXNativeTarget section */

/* Begin PBXProject section */
		DE95129D23A75BA500E39D79 /* Project object */ = {
			isa = PBXProject;
			attributes = {
				LastUpgradeCheck = 1100;
				ORGANIZATIONNAME = "温明妍";
				TargetAttributes = {
					DE9512A423A75BA500E39D79 = {
						CreatedOnToolsVersion = 11.0;
					};
				};
			};
			buildConfigurationList = DE9512A023A75BA500E39D79 /* Build configuration list for PBXProject "Algorithms" */;
			compatibilityVersion = "Xcode 9.3";
			developmentRegion = en;
			hasScannedForEncodings = 0;
			knownRegions = (
				en,
				Base,
			);
			mainGroup = DE95129C23A75BA500E39D79;
			productRefGroup = DE9512A623A75BA500E39D79 /* Products */;
			projectDirPath = "";
			projectRoot = "";
			targets = (
				DE9512A423A75BA500E39D79 /* Algorithms */,
			);
		};
/* End PBXProject section */

/* Begin PBXResourcesBuildPhase section */
		DE9512A323A75BA500E39D79 /* Resources */ = {
			isa = PBXResourcesBuildPhase;
			buildActionMask = 2147483647;
			files = (
				DE9512B823A75BA600E39D79 /* LaunchScreen.storyboard in Resources */,
				DE9512B523A75BA600E39D79 /* Assets.xcassets in Resources */,
				DE9512B323A75BA500E39D79 /* Main.storyboard in Resources */,
			);
			runOnlyForDeploymentPostprocessing = 0;
		};
/* End PBXResourcesBuildPhase section */

/* Begin PBXShellScriptBuildPhase section */
		D955E5F1E126BFD3655DAA4F /* [CP] Check Pods Manifest.lock */ = {
			isa = PBXShellScriptBuildPhase;
			buildActionMask = 2147483647;
			files = (
			);
			inputFileListPaths = (
			);
			inputPaths = (
				"${PODS_PODFILE_DIR_PATH}/Podfile.lock",
				"${PODS_ROOT}/Manifest.lock",
			);
			name = "[CP] Check Pods Manifest.lock";
			outputFileListPaths = (
			);
			outputPaths = (
				"$(DERIVED_FILE_DIR)/Pods-Algorithms-checkManifestLockResult.txt",
			);
			runOnlyForDeploymentPostprocessing = 0;
			shellPath = /bin/sh;
			shellScript = "diff \"${PODS_PODFILE_DIR_PATH}/Podfile.lock\" \"${PODS_ROOT}/Manifest.lock\" > /dev/null\nif [ $? != 0 ] ; then\n    # print error to STDERR\n    echo \"error: The sandbox is not in sync with the Podfile.lock. Run 'pod install' or update your CocoaPods installation.\" >&2\n    exit 1\nfi\n# This output is used by Xcode 'outputs' to avoid re-running this script phase.\necho \"SUCCESS\" > \"${SCRIPT_OUTPUT_FILE_0}\"\n";
			showEnvVarsInLog = 0;
		};
/* End PBXShellScriptBuildPhase section */

/* Begin PBXSourcesBuildPhase section */
		DE9512A123A75BA500E39D79 /* Sources */ = {
			isa = PBXSourcesBuildPhase;
			buildActionMask = 2147483647;
			files = (
				DE9512B023A75BA500E39D79 /* ViewController.m in Sources */,
				DE9512AA23A75BA500E39D79 /* AppDelegate.m in Sources */,
				DE9512BB23A75BA600E39D79 /* main.m in Sources */,
				DE9512AD23A75BA500E39D79 /* SceneDelegate.m in Sources */,
			);
			runOnlyForDeploymentPostprocessing = 0;
		};
/* End PBXSourcesBuildPhase section */

/* Begin PBXVariantGroup section */
		DE9512B123A75BA500E39D79 /* Main.storyboard */ = {
			isa = PBXVariantGroup;
			children = (
				DE9512B223A75BA500E39D79 /* Base */,
			);
			name = Main.storyboard;
			sourceTree = "<group>";
		};
		DE9512B623A75BA600E39D79 /* LaunchScreen.storyboard */ = {
			isa = PBXVariantGroup;
			children = (
				DE9512B723A75BA600E39D79 /* Base */,
			);
			name = LaunchScreen.storyboard;
			sourceTree = "<group>";
		};
/* End PBXVariantGroup section */

/* Begin XCBuildConfiguration section */
		DE9512BC23A75BA600E39D79 /* Debug */ = {
			isa = XCBuildConfiguration;
			buildSettings = {
				ALWAYS_SEARCH_USER_PATHS = NO;
				CLANG_ANALYZER_NONNULL = YES;
				CLANG_ANALYZER_NUMBER_OBJECT_CONVERSION = YES_AGGRESSIVE;
				CLANG_CXX_LANGUAGE_STANDARD = "gnu++14";
				CLANG_CXX_LIBRARY = "libc++";
				CLANG_ENABLE_MODULES = YES;
				CLANG_ENABLE_OBJC_ARC = YES;
				CLANG_ENABLE_OBJC_WEAK = YES;
				CLANG_WARN_BLOCK_CAPTURE_AUTORELEASING = YES;
				CLANG_WARN_BOOL_CONVERSION = YES;
				CLANG_WARN_COMMA = YES;
				CLANG_WARN_CONSTANT_CONVERSION = YES;
				CLANG_WARN_DEPRECATED_OBJC_IMPLEMENTATIONS = YES;
				CLANG_WARN_DIRECT_OBJC_ISA_USAGE = YES_ERROR;
				CLANG_WARN_DOCUMENTATION_COMMENTS = YES;
				CLANG_WARN_EMPTY_BODY = YES;
				CLANG_WARN_ENUM_CONVERSION = YES;
				CLANG_WARN_INFINITE_RECURSION = YES;
				CLANG_WARN_INT_CONVERSION = YES;
				CLANG_WARN_NON_LITERAL_NULL_CONVERSION = YES;
				CLANG_WARN_OBJC_IMPLICIT_RETAIN_SELF = YES;
				CLANG_WARN_OBJC_LITERAL_CONVERSION = YES;
				CLANG_WARN_OBJC_ROOT_CLASS = YES_ERROR;
				CLANG_WARN_RANGE_LOOP_ANALYSIS = YES;
				CLANG_WARN_STRICT_PROTOTYPES = YES;
				CLANG_WARN_SUSPICIOUS_MOVE = YES;
				CLANG_WARN_UNGUARDED_AVAILABILITY = YES_AGGRESSIVE;
				CLANG_WARN_UNREACHABLE_CODE = YES;
				CLANG_WARN__DUPLICATE_METHOD_MATCH = YES;
				COPY_PHASE_STRIP = NO;
				DEBUG_INFORMATION_FORMAT = dwarf;
				ENABLE_STRICT_OBJC_MSGSEND = YES;
				ENABLE_TESTABILITY = YES;
				GCC_C_LANGUAGE_STANDARD = gnu11;
				GCC_DYNAMIC_NO_PIC = NO;
				GCC_NO_COMMON_BLOCKS = YES;
				GCC_OPTIMIZATION_LEVEL = 0;
				GCC_PREPROCESSOR_DEFINITIONS = (
					"DEBUG=1",
					"$(inherited)",
				);
				GCC_WARN_64_TO_32_BIT_CONVERSION = YES;
				GCC_WARN_ABOUT_RETURN_TYPE = YES_ERROR;
				GCC_WARN_UNDECLARED_SELECTOR = YES;
				GCC_WARN_UNINITIALIZED_AUTOS = YES_AGGRESSIVE;
				GCC_WARN_UNUSED_FUNCTION = YES;
				GCC_WARN_UNUSED_VARIABLE = YES;
				IPHONEOS_DEPLOYMENT_TARGET = 13.0;
				MTL_ENABLE_DEBUG_INFO = INCLUDE_SOURCE;
				MTL_FAST_MATH = YES;
				ONLY_ACTIVE_ARCH = YES;
				SDKROOT = iphoneos;
			};
			name = Debug;
		};
		DE9512BD23A75BA600E39D79 /* Release */ = {
			isa = XCBuildConfiguration;
			buildSettings = {
				ALWAYS_SEARCH_USER_PATHS = NO;
				CLANG_ANALYZER_NONNULL = YES;
				CLANG_ANALYZER_NUMBER_OBJECT_CONVERSION = YES_AGGRESSIVE;
				CLANG_CXX_LANGUAGE_STANDARD = "gnu++14";
				CLANG_CXX_LIBRARY = "libc++";
				CLANG_ENABLE_MODULES = YES;
				CLANG_ENABLE_OBJC_ARC = YES;
				CLANG_ENABLE_OBJC_WEAK = YES;
				CLANG_WARN_BLOCK_CAPTURE_AUTORELEASING = YES;
				CLANG_WARN_BOOL_CONVERSION = YES;
				CLANG_WARN_COMMA = YES;
				CLANG_WARN_CONSTANT_CONVERSION = YES;
				CLANG_WARN_DEPRECATED_OBJC_IMPLEMENTATIONS = YES;
				CLANG_WARN_DIRECT_OBJC_ISA_USAGE = YES_ERROR;
				CLANG_WARN_DOCUMENTATION_COMMENTS = YES;
				CLANG_WARN_EMPTY_BODY = YES;
				CLANG_WARN_ENUM_CONVERSION = YES;
				CLANG_WARN_INFINITE_RECURSION = YES;
				CLANG_WARN_INT_CONVERSION = YES;
				CLANG_WARN_NON_LITERAL_NULL_CONVERSION = YES;
				CLANG_WARN_OBJC_IMPLICIT_RETAIN_SELF = YES;
				CLANG_WARN_OBJC_LITERAL_CONVERSION = YES;
				CLANG_WARN_OBJC_ROOT_CLASS = YES_ERROR;
				CLANG_WARN_RANGE_LOOP_ANALYSIS = YES;
				CLANG_WARN_STRICT_PROTOTYPES = YES;
				CLANG_WARN_SUSPICIOUS_MOVE = YES;
				CLANG_WARN_UNGUARDED_AVAILABILITY = YES_AGGRESSIVE;
				CLANG_WARN_UNREACHABLE_CODE = YES;
				CLANG_WARN__DUPLICATE_METHOD_MATCH = YES;
				COPY_PHASE_STRIP = NO;
				DEBUG_INFORMATION_FORMAT = "dwarf-with-dsym";
				ENABLE_NS_ASSERTIONS = NO;
				ENABLE_STRICT_OBJC_MSGSEND = YES;
				GCC_C_LANGUAGE_STANDARD = gnu11;
				GCC_NO_COMMON_BLOCKS = YES;
				GCC_WARN_64_TO_32_BIT_CONVERSION = YES;
				GCC_WARN_ABOUT_RETURN_TYPE = YES_ERROR;
				GCC_WARN_UNDECLARED_SELECTOR = YES;
				GCC_WARN_UNINITIALIZED_AUTOS = YES_AGGRESSIVE;
				GCC_WARN_UNUSED_FUNCTION = YES;
				GCC_WARN_UNUSED_VARIABLE = YES;
				IPHONEOS_DEPLOYMENT_TARGET = 13.0;
				MTL_ENABLE_DEBUG_INFO = NO;
				MTL_FAST_MATH = YES;
				SDKROOT = iphoneos;
				VALIDATE_PRODUCT = YES;
			};
			name = Release;
		};
		DE9512BF23A75BA600E39D79 /* Debug */ = {
			isa = XCBuildConfiguration;
			baseConfigurationReference = 3088135B7291995D86C8A4CA /* Pods-Algorithms.debug.xcconfig */;
			buildSettings = {
				ASSETCATALOG_COMPILER_APPICON_NAME = AppIcon;
				CODE_SIGN_STYLE = Automatic;
				DEVELOPMENT_TEAM = AH8FHU45PG;
				INFOPLIST_FILE = Algorithms/Info.plist;
				LD_RUNPATH_SEARCH_PATHS = (
					"$(inherited)",
					"@executable_path/Frameworks",
				);
				PRODUCT_BUNDLE_IDENTIFIER = com.mystudy.Algorithms;
				PRODUCT_NAME = "$(TARGET_NAME)";
				TARGETED_DEVICE_FAMILY = "1,2";
			};
			name = Debug;
		};
		DE9512C023A75BA600E39D79 /* Release */ = {
			isa = XCBuildConfiguration;
			baseConfigurationReference = 32A7930A277ED46F66D23E32 /* Pods-Algorithms.release.xcconfig */;
			buildSettings = {
				ASSETCATALOG_COMPILER_APPICON_NAME = AppIcon;
				CODE_SIGN_STYLE = Automatic;
				DEVELOPMENT_TEAM = AH8FHU45PG;
				INFOPLIST_FILE = Algorithms/Info.plist;
				LD_RUNPATH_SEARCH_PATHS = (
					"$(inherited)",
					"@executable_path/Frameworks",
				);
				PRODUCT_BUNDLE_IDENTIFIER = com.mystudy.Algorithms;
				PRODUCT_NAME = "$(TARGET_NAME)";
				TARGETED_DEVICE_FAMILY = "1,2";
			};
			name = Release;
		};
/* End XCBuildConfiguration section */

/* Begin XCConfigurationList section */
		DE9512A023A75BA500E39D79 /* Build configuration list for PBXProject "Algorithms" */ = {
			isa = XCConfigurationList;
			buildConfigurations = (
				DE9512BC23A75BA600E39D79 /* Debug */,
				DE9512BD23A75BA600E39D79 /* Release */,
			);
			defaultConfigurationIsVisible = 0;
			defaultConfigurationName = Release;
		};
		DE9512BE23A75BA600E39D79 /* Build configuration list for PBXNativeTarget "Algorithms" */ = {
			isa = XCConfigurationList;
			buildConfigurations = (
				DE9512BF23A75BA600E39D79 /* Debug */,
				DE9512C023A75BA600E39D79 /* Release */,
			);
			defaultConfigurationIsVisible = 0;
			defaultConfigurationName = Release;
		};
/* End XCConfigurationList section */
	};
	rootObject = DE95129D23A75BA500E39D79 /* Project object */;
}
