// !$*UTF8*$!
{
	archiveVersion = 1;
	classes = {
	};
	objectVersion = 50;
	objects = {

/* Begin PBXBuildFile section */
		18374DB427CF3F2700251DA6 /* MYViewController.swift in Sources */ = {isa = PBXBuildFile; fileRef = 18374DB327CF3F2700251DA6 /* MYViewController.swift */; };
		18374DBB27CF45FF00251DA6 /* MYReserseListQ.swift in Sources */ = {isa = PBXBuildFile; fileRef = 18374DBA27CF45FF00251DA6 /* MYReserseListQ.swift */; };
		1874589427CF3A4700C706A2 /* AppDelegate.swift in Sources */ = {isa = PBXBuildFile; fileRef = 1874589327CF3A4700C706A2 /* AppDelegate.swift */; };
		1874589627CF3A4700C706A2 /* SceneDelegate.swift in Sources */ = {isa = PBXBuildFile; fileRef = 1874589527CF3A4700C706A2 /* SceneDelegate.swift */; };
		1874589827CF3A4700C706A2 /* ViewController.swift in Sources */ = {isa = PBXBuildFile; fileRef = 1874589727CF3A4700C706A2 /* ViewController.swift */; };
		1874589B27CF3A4700C706A2 /* Main.storyboard in Resources */ = {isa = PBXBuildFile; fileRef = 1874589927CF3A4700C706A2 /* Main.storyboard */; };
		1874589D27CF3A4800C706A2 /* Assets.xcassets in Resources */ = {isa = PBXBuildFile; fileRef = 1874589C27CF3A4800C706A2 /* Assets.xcassets */; };
		187458A027CF3A4800C706A2 /* LaunchScreen.storyboard in Resources */ = {isa = PBXBuildFile; fileRef = 1874589E27CF3A4800C706A2 /* LaunchScreen.storyboard */; };
		18DF896127CF552100A8BEDD /* MYPlusQ.swift in Sources */ = {isa = PBXBuildFile; fileRef = 18DF896027CF552100A8BEDD /* MYPlusQ.swift */; };
		18DF896427CF554E00A8BEDD /* ListNode.swift in Sources */ = {isa = PBXBuildFile; fileRef = 18DF896327CF554E00A8BEDD /* ListNode.swift */; };
		C96589699CEB5E49C3C14ED2 /* libPods-SwiftLC.a in Frameworks */ = {isa = PBXBuildFile; fileRef = 0C887872F65BD30C36A91B25 /* libPods-SwiftLC.a */; };
		DE0763352C0490B400DEA242 /* ArrayQ.swift in Sources */ = {isa = PBXBuildFile; fileRef = DE0763342C0490B400DEA242 /* ArrayQ.swift */; };
		DE51CC8F2C2E512C00C3B3F4 /* MYMiddleViewController.swift in Sources */ = {isa = PBXBuildFile; fileRef = DE51CC8E2C2E512C00C3B3F4 /* MYMiddleViewController.swift */; };
		DE7651452C19A68D00EB814C /* HashQ.swift in Sources */ = {isa = PBXBuildFile; fileRef = DE7651442C19A68D00EB814C /* HashQ.swift */; };
		DE987DB72C297706005672F1 /* ListQ.swift in Sources */ = {isa = PBXBuildFile; fileRef = DE987DB62C297706005672F1 /* ListQ.swift */; };
		DE987DB92C2A53DF005672F1 /* ListNoteQ.swift in Sources */ = {isa = PBXBuildFile; fileRef = DE987DB82C2A53DF005672F1 /* ListNoteQ.swift */; };
		DE987DBB2C2A6277005672F1 /* TreeNode.swift in Sources */ = {isa = PBXBuildFile; fileRef = DE987DBA2C2A6277005672F1 /* TreeNode.swift */; };
		DE987DBD2C2A6340005672F1 /* TreeNodeQ.swift in Sources */ = {isa = PBXBuildFile; fileRef = DE987DBC2C2A6340005672F1 /* TreeNodeQ.swift */; };
		DEC88D452C2D0AB800923B93 /* BinaryQ.swift in Sources */ = {isa = PBXBuildFile; fileRef = DEC88D442C2D0AB800923B93 /* BinaryQ.swift */; };
		DEC88D472C2D167F00923B93 /* MathQ.swift in Sources */ = {isa = PBXBuildFile; fileRef = DEC88D462C2D167F00923B93 /* MathQ.swift */; };
		DEC88D492C2D4FBE00923B93 /* DynamicProgrammingQ.swift in Sources */ = {isa = PBXBuildFile; fileRef = DEC88D482C2D4FBE00923B93 /* DynamicProgrammingQ.swift */; };
		DEDC67652C12FA3600F02355 /* StringQ.swift in Sources */ = {isa = PBXBuildFile; fileRef = DEDC67642C12FA3600F02355 /* StringQ.swift */; };
/* End PBXBuildFile section */

/* Begin PBXFileReference section */
		0C887872F65BD30C36A91B25 /* libPods-SwiftLC.a */ = {isa = PBXFileReference; explicitFileType = archive.ar; includeInIndex = 0; path = "libPods-SwiftLC.a"; sourceTree = BUILT_PRODUCTS_DIR; };
		18374DB327CF3F2700251DA6 /* MYViewController.swift */ = {isa = PBXFileReference; lastKnownFileType = sourcecode.swift; path = MYViewController.swift; sourceTree = "<group>"; };
		18374DBA27CF45FF00251DA6 /* MYReserseListQ.swift */ = {isa = PBXFileReference; fileEncoding = 4; lastKnownFileType = sourcecode.swift; path = MYReserseListQ.swift; sourceTree = "<group>"; };
		1874589027CF3A4700C706A2 /* SwiftLC.app */ = {isa = PBXFileReference; explicitFileType = wrapper.application; includeInIndex = 0; path = SwiftLC.app; sourceTree = BUILT_PRODUCTS_DIR; };
		1874589327CF3A4700C706A2 /* AppDelegate.swift */ = {isa = PBXFileReference; lastKnownFileType = sourcecode.swift; path = AppDelegate.swift; sourceTree = "<group>"; };
		1874589527CF3A4700C706A2 /* SceneDelegate.swift */ = {isa = PBXFileReference; lastKnownFileType = sourcecode.swift; path = SceneDelegate.swift; sourceTree = "<group>"; };
		1874589727CF3A4700C706A2 /* ViewController.swift */ = {isa = PBXFileReference; lastKnownFileType = sourcecode.swift; path = ViewController.swift; sourceTree = "<group>"; };
		1874589A27CF3A4700C706A2 /* Base */ = {isa = PBXFileReference; lastKnownFileType = file.storyboard; name = Base; path = Base.lproj/Main.storyboard; sourceTree = "<group>"; };
		1874589C27CF3A4800C706A2 /* Assets.xcassets */ = {isa = PBXFileReference; lastKnownFileType = folder.assetcatalog; path = Assets.xcassets; sourceTree = "<group>"; };
		1874589F27CF3A4800C706A2 /* Base */ = {isa = PBXFileReference; lastKnownFileType = file.storyboard; name = Base; path = Base.lproj/LaunchScreen.storyboard; sourceTree = "<group>"; };
		187458A127CF3A4800C706A2 /* Info.plist */ = {isa = PBXFileReference; lastKnownFileType = text.plist.xml; path = Info.plist; sourceTree = "<group>"; };
		18DF896027CF552100A8BEDD /* MYPlusQ.swift */ = {isa = PBXFileReference; lastKnownFileType = sourcecode.swift; path = MYPlusQ.swift; sourceTree = "<group>"; };
		18DF896327CF554E00A8BEDD /* ListNode.swift */ = {isa = PBXFileReference; lastKnownFileType = sourcecode.swift; path = ListNode.swift; sourceTree = "<group>"; };
		20FE6D9CC38C983FA12EED98 /* Pods-SwiftLC.release.xcconfig */ = {isa = PBXFileReference; includeInIndex = 1; lastKnownFileType = text.xcconfig; name = "Pods-SwiftLC.release.xcconfig"; path = "Target Support Files/Pods-SwiftLC/Pods-SwiftLC.release.xcconfig"; sourceTree = "<group>"; };
		7D8EABFC28E315C904E0E435 /* Pods-SwiftLC.debug.xcconfig */ = {isa = PBXFileReference; includeInIndex = 1; lastKnownFileType = text.xcconfig; name = "Pods-SwiftLC.debug.xcconfig"; path = "Target Support Files/Pods-SwiftLC/Pods-SwiftLC.debug.xcconfig"; sourceTree = "<group>"; };
		DE0763342C0490B400DEA242 /* ArrayQ.swift */ = {isa = PBXFileReference; lastKnownFileType = sourcecode.swift; path = ArrayQ.swift; sourceTree = "<group>"; };
		DE51CC8E2C2E512C00C3B3F4 /* MYMiddleViewController.swift */ = {isa = PBXFileReference; lastKnownFileType = sourcecode.swift; path = MYMiddleViewController.swift; sourceTree = "<group>"; };
		DE7651442C19A68D00EB814C /* HashQ.swift */ = {isa = PBXFileReference; lastKnownFileType = sourcecode.swift; path = HashQ.swift; sourceTree = "<group>"; };
		DE987DB62C297706005672F1 /* ListQ.swift */ = {isa = PBXFileReference; lastKnownFileType = sourcecode.swift; path = ListQ.swift; sourceTree = "<group>"; };
		DE987DB82C2A53DF005672F1 /* ListNoteQ.swift */ = {isa = PBXFileReference; lastKnownFileType = sourcecode.swift; path = ListNoteQ.swift; sourceTree = "<group>"; };
		DE987DBA2C2A6277005672F1 /* TreeNode.swift */ = {isa = PBXFileReference; lastKnownFileType = sourcecode.swift; path = TreeNode.swift; sourceTree = "<group>"; };
		DE987DBC2C2A6340005672F1 /* TreeNodeQ.swift */ = {isa = PBXFileReference; lastKnownFileType = sourcecode.swift; path = TreeNodeQ.swift; sourceTree = "<group>"; };
		DEC88D442C2D0AB800923B93 /* BinaryQ.swift */ = {isa = PBXFileReference; lastKnownFileType = sourcecode.swift; path = BinaryQ.swift; sourceTree = "<group>"; };
		DEC88D462C2D167F00923B93 /* MathQ.swift */ = {isa = PBXFileReference; lastKnownFileType = sourcecode.swift; path = MathQ.swift; sourceTree = "<group>"; };
		DEC88D482C2D4FBE00923B93 /* DynamicProgrammingQ.swift */ = {isa = PBXFileReference; lastKnownFileType = sourcecode.swift; path = DynamicProgrammingQ.swift; sourceTree = "<group>"; };
		DEDC67642C12FA3600F02355 /* StringQ.swift */ = {isa = PBXFileReference; lastKnownFileType = sourcecode.swift; path = StringQ.swift; sourceTree = "<group>"; };
/* End PBXFileReference section */

/* Begin PBXFrameworksBuildPhase section */
		1874588D27CF3A4700C706A2 /* Frameworks */ = {
			isa = PBXFrameworksBuildPhase;
			buildActionMask = 2147483647;
			files = (
				C96589699CEB5E49C3C14ED2 /* libPods-SwiftLC.a in Frameworks */,
			);
			runOnlyForDeploymentPostprocessing = 0;
		};
/* End PBXFrameworksBuildPhase section */

/* Begin PBXGroup section */
		18374DB927CF45FF00251DA6 /* LCs */ = {
			isa = PBXGroup;
			children = (
				18374DBA27CF45FF00251DA6 /* MYReserseListQ.swift */,
				18DF896027CF552100A8BEDD /* MYPlusQ.swift */,
				18DF896327CF554E00A8BEDD /* ListNode.swift */,
				DE0763342C0490B400DEA242 /* ArrayQ.swift */,
				DEDC67642C12FA3600F02355 /* StringQ.swift */,
				DE7651442C19A68D00EB814C /* HashQ.swift */,
				DE987DB62C297706005672F1 /* ListQ.swift */,
				DE987DB82C2A53DF005672F1 /* ListNoteQ.swift */,
				DE987DBA2C2A6277005672F1 /* TreeNode.swift */,
				DE987DBC2C2A6340005672F1 /* TreeNodeQ.swift */,
				DEC88D442C2D0AB800923B93 /* BinaryQ.swift */,
				DEC88D462C2D167F00923B93 /* MathQ.swift */,
				DEC88D482C2D4FBE00923B93 /* DynamicProgrammingQ.swift */,
			);
			path = LCs;
			sourceTree = "<group>";
		};
		1874588727CF3A4700C706A2 = {
			isa = PBXGroup;
			children = (
				1874589227CF3A4700C706A2 /* SwiftLC */,
				1874589127CF3A4700C706A2 /* Products */,
				8C60953D15D62A3E152737B8 /* Pods */,
				EFEFC9F3FF06E433696C9778 /* Frameworks */,
			);
			sourceTree = "<group>";
		};
		1874589127CF3A4700C706A2 /* Products */ = {
			isa = PBXGroup;
			children = (
				1874589027CF3A4700C706A2 /* SwiftLC.app */,
			);
			name = Products;
			sourceTree = "<group>";
		};
		1874589227CF3A4700C706A2 /* SwiftLC */ = {
			isa = PBXGroup;
			children = (
				18374DB927CF45FF00251DA6 /* LCs */,
				1874589327CF3A4700C706A2 /* AppDelegate.swift */,
				1874589527CF3A4700C706A2 /* SceneDelegate.swift */,
				1874589727CF3A4700C706A2 /* ViewController.swift */,
				1874589927CF3A4700C706A2 /* Main.storyboard */,
				1874589C27CF3A4800C706A2 /* Assets.xcassets */,
				1874589E27CF3A4800C706A2 /* LaunchScreen.storyboard */,
				187458A127CF3A4800C706A2 /* Info.plist */,
				18374DB327CF3F2700251DA6 /* MYViewController.swift */,
				DE51CC8E2C2E512C00C3B3F4 /* MYMiddleViewController.swift */,
			);
			path = SwiftLC;
			sourceTree = "<group>";
		};
		8C60953D15D62A3E152737B8 /* Pods */ = {
			isa = PBXGroup;
			children = (
				7D8EABFC28E315C904E0E435 /* Pods-SwiftLC.debug.xcconfig */,
				20FE6D9CC38C983FA12EED98 /* Pods-SwiftLC.release.xcconfig */,
			);
			path = Pods;
			sourceTree = "<group>";
		};
		EFEFC9F3FF06E433696C9778 /* Frameworks */ = {
			isa = PBXGroup;
			children = (
				0C887872F65BD30C36A91B25 /* libPods-SwiftLC.a */,
			);
			name = Frameworks;
			sourceTree = "<group>";
		};
/* End PBXGroup section */

/* Begin PBXNativeTarget section */
		1874588F27CF3A4700C706A2 /* SwiftLC */ = {
			isa = PBXNativeTarget;
			buildConfigurationList = 187458A427CF3A4800C706A2 /* Build configuration list for PBXNativeTarget "SwiftLC" */;
			buildPhases = (
				3E1214AB70649C7C890DD223 /* [CP] Check Pods Manifest.lock */,
				1874588C27CF3A4700C706A2 /* Sources */,
				1874588D27CF3A4700C706A2 /* Frameworks */,
				1874588E27CF3A4700C706A2 /* Resources */,
			);
			buildRules = (
			);
			dependencies = (
			);
			name = SwiftLC;
			productName = SwiftLC;
			productReference = 1874589027CF3A4700C706A2 /* SwiftLC.app */;
			productType = "com.apple.product-type.application";
		};
/* End PBXNativeTarget section */

/* Begin PBXProject section */
		1874588827CF3A4700C706A2 /* Project object */ = {
			isa = PBXProject;
			attributes = {
				LastSwiftUpdateCheck = 1220;
				LastUpgradeCheck = 1220;
				TargetAttributes = {
					1874588F27CF3A4700C706A2 = {
						CreatedOnToolsVersion = 12.2;
					};
				};
			};
			buildConfigurationList = 1874588B27CF3A4700C706A2 /* Build configuration list for PBXProject "SwiftLC" */;
			compatibilityVersion = "Xcode 9.3";
			developmentRegion = en;
			hasScannedForEncodings = 0;
			knownRegions = (
				en,
				Base,
			);
			mainGroup = 1874588727CF3A4700C706A2;
			productRefGroup = 1874589127CF3A4700C706A2 /* Products */;
			projectDirPath = "";
			projectRoot = "";
			targets = (
				1874588F27CF3A4700C706A2 /* SwiftLC */,
			);
		};
/* End PBXProject section */

/* Begin PBXResourcesBuildPhase section */
		1874588E27CF3A4700C706A2 /* Resources */ = {
			isa = PBXResourcesBuildPhase;
			buildActionMask = 2147483647;
			files = (
				187458A027CF3A4800C706A2 /* LaunchScreen.storyboard in Resources */,
				1874589D27CF3A4800C706A2 /* Assets.xcassets in Resources */,
				1874589B27CF3A4700C706A2 /* Main.storyboard in Resources */,
			);
			runOnlyForDeploymentPostprocessing = 0;
		};
/* End PBXResourcesBuildPhase section */

/* Begin PBXShellScriptBuildPhase section */
		3E1214AB70649C7C890DD223 /* [CP] Check Pods Manifest.lock */ = {
			isa = PBXShellScriptBuildPhase;
			buildActionMask = 2147483647;
			files = (
			);
			inputFileListPaths = (
			);
			inputPaths = (
				"${PODS_PODFILE_DIR_PATH}/Podfile.lock",
				"${PODS_ROOT}/Manifest.lock",
			);
			name = "[CP] Check Pods Manifest.lock";
			outputFileListPaths = (
			);
			outputPaths = (
				"$(DERIVED_FILE_DIR)/Pods-SwiftLC-checkManifestLockResult.txt",
			);
			runOnlyForDeploymentPostprocessing = 0;
			shellPath = /bin/sh;
			shellScript = "diff \"${PODS_PODFILE_DIR_PATH}/Podfile.lock\" \"${PODS_ROOT}/Manifest.lock\" > /dev/null\nif [ $? != 0 ] ; then\n    # print error to STDERR\n    echo \"error: The sandbox is not in sync with the Podfile.lock. Run 'pod install' or update your CocoaPods installation.\" >&2\n    exit 1\nfi\n# This output is used by Xcode 'outputs' to avoid re-running this script phase.\necho \"SUCCESS\" > \"${SCRIPT_OUTPUT_FILE_0}\"\n";
			showEnvVarsInLog = 0;
		};
/* End PBXShellScriptBuildPhase section */

/* Begin PBXSourcesBuildPhase section */
		1874588C27CF3A4700C706A2 /* Sources */ = {
			isa = PBXSourcesBuildPhase;
			buildActionMask = 2147483647;
			files = (
				18DF896427CF554E00A8BEDD /* ListNode.swift in Sources */,
				DEC88D472C2D167F00923B93 /* MathQ.swift in Sources */,
				DE987DB92C2A53DF005672F1 /* ListNoteQ.swift in Sources */,
				DE51CC8F2C2E512C00C3B3F4 /* MYMiddleViewController.swift in Sources */,
				DE7651452C19A68D00EB814C /* HashQ.swift in Sources */,
				DE987DBB2C2A6277005672F1 /* TreeNode.swift in Sources */,
				DE987DB72C297706005672F1 /* ListQ.swift in Sources */,
				DEDC67652C12FA3600F02355 /* StringQ.swift in Sources */,
				DEC88D452C2D0AB800923B93 /* BinaryQ.swift in Sources */,
				1874589827CF3A4700C706A2 /* ViewController.swift in Sources */,
				DE0763352C0490B400DEA242 /* ArrayQ.swift in Sources */,
				18374DBB27CF45FF00251DA6 /* MYReserseListQ.swift in Sources */,
				1874589427CF3A4700C706A2 /* AppDelegate.swift in Sources */,
				18DF896127CF552100A8BEDD /* MYPlusQ.swift in Sources */,
				DEC88D492C2D4FBE00923B93 /* DynamicProgrammingQ.swift in Sources */,
				18374DB427CF3F2700251DA6 /* MYViewController.swift in Sources */,
				1874589627CF3A4700C706A2 /* SceneDelegate.swift in Sources */,
				DE987DBD2C2A6340005672F1 /* TreeNodeQ.swift in Sources */,
			);
			runOnlyForDeploymentPostprocessing = 0;
		};
/* End PBXSourcesBuildPhase section */

/* Begin PBXVariantGroup section */
		1874589927CF3A4700C706A2 /* Main.storyboard */ = {
			isa = PBXVariantGroup;
			children = (
				1874589A27CF3A4700C706A2 /* Base */,
			);
			name = Main.storyboard;
			sourceTree = "<group>";
		};
		1874589E27CF3A4800C706A2 /* LaunchScreen.storyboard */ = {
			isa = PBXVariantGroup;
			children = (
				1874589F27CF3A4800C706A2 /* Base */,
			);
			name = LaunchScreen.storyboard;
			sourceTree = "<group>";
		};
/* End PBXVariantGroup section */

/* Begin XCBuildConfiguration section */
		187458A227CF3A4800C706A2 /* Debug */ = {
			isa = XCBuildConfiguration;
			buildSettings = {
				ALWAYS_SEARCH_USER_PATHS = NO;
				CLANG_ANALYZER_NONNULL = YES;
				CLANG_ANALYZER_NUMBER_OBJECT_CONVERSION = YES_AGGRESSIVE;
				CLANG_CXX_LANGUAGE_STANDARD = "gnu++14";
				CLANG_CXX_LIBRARY = "libc++";
				CLANG_ENABLE_MODULES = YES;
				CLANG_ENABLE_OBJC_ARC = YES;
				CLANG_ENABLE_OBJC_WEAK = YES;
				CLANG_WARN_BLOCK_CAPTURE_AUTORELEASING = YES;
				CLANG_WARN_BOOL_CONVERSION = YES;
				CLANG_WARN_COMMA = YES;
				CLANG_WARN_CONSTANT_CONVERSION = YES;
				CLANG_WARN_DEPRECATED_OBJC_IMPLEMENTATIONS = YES;
				CLANG_WARN_DIRECT_OBJC_ISA_USAGE = YES_ERROR;
				CLANG_WARN_DOCUMENTATION_COMMENTS = YES;
				CLANG_WARN_EMPTY_BODY = YES;
				CLANG_WARN_ENUM_CONVERSION = YES;
				CLANG_WARN_INFINITE_RECURSION = YES;
				CLANG_WARN_INT_CONVERSION = YES;
				CLANG_WARN_NON_LITERAL_NULL_CONVERSION = YES;
				CLANG_WARN_OBJC_IMPLICIT_RETAIN_SELF = YES;
				CLANG_WARN_OBJC_LITERAL_CONVERSION = YES;
				CLANG_WARN_OBJC_ROOT_CLASS = YES_ERROR;
				CLANG_WARN_QUOTED_INCLUDE_IN_FRAMEWORK_HEADER = YES;
				CLANG_WARN_RANGE_LOOP_ANALYSIS = YES;
				CLANG_WARN_STRICT_PROTOTYPES = YES;
				CLANG_WARN_SUSPICIOUS_MOVE = YES;
				CLANG_WARN_UNGUARDED_AVAILABILITY = YES_AGGRESSIVE;
				CLANG_WARN_UNREACHABLE_CODE = YES;
				CLANG_WARN__DUPLICATE_METHOD_MATCH = YES;
				COPY_PHASE_STRIP = NO;
				DEBUG_INFORMATION_FORMAT = dwarf;
				ENABLE_STRICT_OBJC_MSGSEND = YES;
				ENABLE_TESTABILITY = YES;
				GCC_C_LANGUAGE_STANDARD = gnu11;
				GCC_DYNAMIC_NO_PIC = NO;
				GCC_NO_COMMON_BLOCKS = YES;
				GCC_OPTIMIZATION_LEVEL = 0;
				GCC_PREPROCESSOR_DEFINITIONS = (
					"DEBUG=1",
					"$(inherited)",
				);
				GCC_WARN_64_TO_32_BIT_CONVERSION = YES;
				GCC_WARN_ABOUT_RETURN_TYPE = YES_ERROR;
				GCC_WARN_UNDECLARED_SELECTOR = YES;
				GCC_WARN_UNINITIALIZED_AUTOS = YES_AGGRESSIVE;
				GCC_WARN_UNUSED_FUNCTION = YES;
				GCC_WARN_UNUSED_VARIABLE = YES;
				IPHONEOS_DEPLOYMENT_TARGET = 14.2;
				MTL_ENABLE_DEBUG_INFO = INCLUDE_SOURCE;
				MTL_FAST_MATH = YES;
				ONLY_ACTIVE_ARCH = YES;
				SDKROOT = iphoneos;
				SWIFT_ACTIVE_COMPILATION_CONDITIONS = DEBUG;
				SWIFT_OPTIMIZATION_LEVEL = "-Onone";
			};
			name = Debug;
		};
		187458A327CF3A4800C706A2 /* Release */ = {
			isa = XCBuildConfiguration;
			buildSettings = {
				ALWAYS_SEARCH_USER_PATHS = NO;
				CLANG_ANALYZER_NONNULL = YES;
				CLANG_ANALYZER_NUMBER_OBJECT_CONVERSION = YES_AGGRESSIVE;
				CLANG_CXX_LANGUAGE_STANDARD = "gnu++14";
				CLANG_CXX_LIBRARY = "libc++";
				CLANG_ENABLE_MODULES = YES;
				CLANG_ENABLE_OBJC_ARC = YES;
				CLANG_ENABLE_OBJC_WEAK = YES;
				CLANG_WARN_BLOCK_CAPTURE_AUTORELEASING = YES;
				CLANG_WARN_BOOL_CONVERSION = YES;
				CLANG_WARN_COMMA = YES;
				CLANG_WARN_CONSTANT_CONVERSION = YES;
				CLANG_WARN_DEPRECATED_OBJC_IMPLEMENTATIONS = YES;
				CLANG_WARN_DIRECT_OBJC_ISA_USAGE = YES_ERROR;
				CLANG_WARN_DOCUMENTATION_COMMENTS = YES;
				CLANG_WARN_EMPTY_BODY = YES;
				CLANG_WARN_ENUM_CONVERSION = YES;
				CLANG_WARN_INFINITE_RECURSION = YES;
				CLANG_WARN_INT_CONVERSION = YES;
				CLANG_WARN_NON_LITERAL_NULL_CONVERSION = YES;
				CLANG_WARN_OBJC_IMPLICIT_RETAIN_SELF = YES;
				CLANG_WARN_OBJC_LITERAL_CONVERSION = YES;
				CLANG_WARN_OBJC_ROOT_CLASS = YES_ERROR;
				CLANG_WARN_QUOTED_INCLUDE_IN_FRAMEWORK_HEADER = YES;
				CLANG_WARN_RANGE_LOOP_ANALYSIS = YES;
				CLANG_WARN_STRICT_PROTOTYPES = YES;
				CLANG_WARN_SUSPICIOUS_MOVE = YES;
				CLANG_WARN_UNGUARDED_AVAILABILITY = YES_AGGRESSIVE;
				CLANG_WARN_UNREACHABLE_CODE = YES;
				CLANG_WARN__DUPLICATE_METHOD_MATCH = YES;
				COPY_PHASE_STRIP = NO;
				DEBUG_INFORMATION_FORMAT = "dwarf-with-dsym";
				ENABLE_NS_ASSERTIONS = NO;
				ENABLE_STRICT_OBJC_MSGSEND = YES;
				GCC_C_LANGUAGE_STANDARD = gnu11;
				GCC_NO_COMMON_BLOCKS = YES;
				GCC_WARN_64_TO_32_BIT_CONVERSION = YES;
				GCC_WARN_ABOUT_RETURN_TYPE = YES_ERROR;
				GCC_WARN_UNDECLARED_SELECTOR = YES;
				GCC_WARN_UNINITIALIZED_AUTOS = YES_AGGRESSIVE;
				GCC_WARN_UNUSED_FUNCTION = YES;
				GCC_WARN_UNUSED_VARIABLE = YES;
				IPHONEOS_DEPLOYMENT_TARGET = 14.2;
				MTL_ENABLE_DEBUG_INFO = NO;
				MTL_FAST_MATH = YES;
				SDKROOT = iphoneos;
				SWIFT_COMPILATION_MODE = wholemodule;
				SWIFT_OPTIMIZATION_LEVEL = "-O";
				VALIDATE_PRODUCT = YES;
			};
			name = Release;
		};
		187458A527CF3A4800C706A2 /* Debug */ = {
			isa = XCBuildConfiguration;
			baseConfigurationReference = 7D8EABFC28E315C904E0E435 /* Pods-SwiftLC.debug.xcconfig */;
			buildSettings = {
				ASSETCATALOG_COMPILER_APPICON_NAME = AppIcon;
				ASSETCATALOG_COMPILER_GLOBAL_ACCENT_COLOR_NAME = AccentColor;
				CODE_SIGN_STYLE = Automatic;
				DEVELOPMENT_TEAM = C38U3F4JC5;
				INFOPLIST_FILE = SwiftLC/Info.plist;
				LD_RUNPATH_SEARCH_PATHS = (
					"$(inherited)",
					"@executable_path/Frameworks",
				);
				PRODUCT_BUNDLE_IDENTIFIER = com.wmy.study.SwiftLC;
				PRODUCT_NAME = "$(TARGET_NAME)";
				SWIFT_VERSION = 5.0;
				TARGETED_DEVICE_FAMILY = "1,2";
			};
			name = Debug;
		};
		187458A627CF3A4800C706A2 /* Release */ = {
			isa = XCBuildConfiguration;
			baseConfigurationReference = 20FE6D9CC38C983FA12EED98 /* Pods-SwiftLC.release.xcconfig */;
			buildSettings = {
				ASSETCATALOG_COMPILER_APPICON_NAME = AppIcon;
				ASSETCATALOG_COMPILER_GLOBAL_ACCENT_COLOR_NAME = AccentColor;
				CODE_SIGN_STYLE = Automatic;
				DEVELOPMENT_TEAM = C38U3F4JC5;
				INFOPLIST_FILE = SwiftLC/Info.plist;
				LD_RUNPATH_SEARCH_PATHS = (
					"$(inherited)",
					"@executable_path/Frameworks",
				);
				PRODUCT_BUNDLE_IDENTIFIER = com.wmy.study.SwiftLC;
				PRODUCT_NAME = "$(TARGET_NAME)";
				SWIFT_VERSION = 5.0;
				TARGETED_DEVICE_FAMILY = "1,2";
			};
			name = Release;
		};
/* End XCBuildConfiguration section */

/* Begin XCConfigurationList section */
		1874588B27CF3A4700C706A2 /* Build configuration list for PBXProject "SwiftLC" */ = {
			isa = XCConfigurationList;
			buildConfigurations = (
				187458A227CF3A4800C706A2 /* Debug */,
				187458A327CF3A4800C706A2 /* Release */,
			);
			defaultConfigurationIsVisible = 0;
			defaultConfigurationName = Release;
		};
		187458A427CF3A4800C706A2 /* Build configuration list for PBXNativeTarget "SwiftLC" */ = {
			isa = XCConfigurationList;
			buildConfigurations = (
				187458A527CF3A4800C706A2 /* Debug */,
				187458A627CF3A4800C706A2 /* Release */,
			);
			defaultConfigurationIsVisible = 0;
			defaultConfigurationName = Release;
		};
/* End XCConfigurationList section */
	};
	rootObject = 1874588827CF3A4700C706A2 /* Project object */;
}
